
Microsoft Visual Studio Solution File, Format Version 12.00
# Visual Studio Version 17
VisualStudioVersion = 17.0.31903.59
MinimumVisualStudioVersion = 10.0.40219.1
Project("{2150E333-8FDC-42A3-9474-1A3956D46DE8}") = "week01", "week01", "{D4176A17-D7E5-9C19-FD5F-8803B1692ECF}"
EndProject
Project("{FAE04EC0-301F-11D3-BF4B-00C04F79EFBC}") = "myfirstConsoleApp1", "week01\myfirstConsoleApp1\myfirstConsoleApp1.csproj", "{7DD62023-BB2A-403D-A31D-9760B6408010}"
EndProject
Project("{2150E333-8FDC-42A3-9474-1A3956D46DE8}") = "week02", "week02", "{131C5CCE-C85E-81CF-EB9F-372398CDB723}"
EndProject
Project("{FAE04EC0-301F-11D3-BF4B-00C04F79EFBC}") = "WebApplication1", "week02\WebApplication1\WebApplication1.csproj", "{09B19189-D0CB-4C50-AF35-7C1A733BF7EC}"
EndProject
Project("{2150E333-8FDC-42A3-9474-1A3956D46DE8}") = "week03", "week03", "{EC9A9E50-F609-29D8-E2CC-8326F1A55E73}"
EndProject
Project("{FAE04EC0-301F-11D3-BF4B-00C04F79EFBC}") = "BlazorApp2", "week03\BlazorApp2\BlazorApp2.csproj", "{FF737767-7167-48E5-AFB5-23F35F332122}"
EndProject
Project("{FAE04EC0-301F-11D3-BF4B-00C04F79EFBC}") = "BlazorApp3", "week03\BlazorApp3\BlazorApp3.csproj", "{ADDAB903-C312-4F85-9BA9-5C851B058F27}"
EndProject
Global
	GlobalSection(SolutionConfigurationPlatforms) = preSolution
		Debug|Any CPU = Debug|Any CPU
		Debug|x64 = Debug|x64
		Debug|x86 = Debug|x86
		Release|Any CPU = Release|Any CPU
		Release|x64 = Release|x64
		Release|x86 = Release|x86
	EndGlobalSection
	GlobalSection(ProjectConfigurationPlatforms) = postSolution
		{7DD62023-BB2A-403D-A31D-9760B6408010}.Debug|Any CPU.ActiveCfg = Debug|Any CPU
		{7DD62023-BB2A-403D-A31D-9760B6408010}.Debug|Any CPU.Build.0 = Debug|Any CPU
		{7DD62023-BB2A-403D-A31D-9760B6408010}.Debug|x64.ActiveCfg = Debug|Any CPU
		{7DD62023-BB2A-403D-A31D-9760B6408010}.Debug|x64.Build.0 = Debug|Any CPU
		{7DD62023-BB2A-403D-A31D-9760B6408010}.Debug|x86.ActiveCfg = Debug|Any CPU
		{7DD62023-BB2A-403D-A31D-9760B6408010}.Debug|x86.Build.0 = Debug|Any CPU
		{7DD62023-BB2A-403D-A31D-9760B6408010}.Release|Any CPU.ActiveCfg = Release|Any CPU
		{7DD62023-BB2A-403D-A31D-9760B6408010}.Release|Any CPU.Build.0 = Release|Any CPU
		{7DD62023-BB2A-403D-A31D-9760B6408010}.Release|x64.ActiveCfg = Release|Any CPU
		{7DD62023-BB2A-403D-A31D-9760B6408010}.Release|x64.Build.0 = Release|Any CPU
		{7DD62023-BB2A-403D-A31D-9760B6408010}.Release|x86.ActiveCfg = Release|Any CPU
		{7DD62023-BB2A-403D-A31D-9760B6408010}.Release|x86.Build.0 = Release|Any CPU
		{09B19189-D0CB-4C50-AF35-7C1A733BF7EC}.Debug|Any CPU.ActiveCfg = Debug|Any CPU
		{09B19189-D0CB-4C50-AF35-7C1A733BF7EC}.Debug|Any CPU.Build.0 = Debug|Any CPU
		{09B19189-D0CB-4C50-AF35-7C1A733BF7EC}.Debug|x64.ActiveCfg = Debug|Any CPU
		{09B19189-D0CB-4C50-AF35-7C1A733BF7EC}.Debug|x64.Build.0 = Debug|Any CPU
		{09B19189-D0CB-4C50-AF35-7C1A733BF7EC}.Debug|x86.ActiveCfg = Debug|Any CPU
		{09B19189-D0CB-4C50-AF35-7C1A733BF7EC}.Debug|x86.Build.0 = Debug|Any CPU
		{09B19189-D0CB-4C50-AF35-7C1A733BF7EC}.Release|Any CPU.ActiveCfg = Release|Any CPU
		{09B19189-D0CB-4C50-AF35-7C1A733BF7EC}.Release|Any CPU.Build.0 = Release|Any CPU
		{09B19189-D0CB-4C50-AF35-7C1A733BF7EC}.Release|x64.ActiveCfg = Release|Any CPU
		{09B19189-D0CB-4C50-AF35-7C1A733BF7EC}.Release|x64.Build.0 = Release|Any CPU
		{09B19189-D0CB-4C50-AF35-7C1A733BF7EC}.Release|x86.ActiveCfg = Release|Any CPU
		{09B19189-D0CB-4C50-AF35-7C1A733BF7EC}.Release|x86.Build.0 = Release|Any CPU
		{FF737767-7167-48E5-AFB5-23F35F332122}.Debug|Any CPU.ActiveCfg = Debug|Any CPU
		{FF737767-7167-48E5-AFB5-23F35F332122}.Debug|Any CPU.Build.0 = Debug|Any CPU
		{FF737767-7167-48E5-AFB5-23F35F332122}.Debug|x64.ActiveCfg = Debug|Any CPU
		{FF737767-7167-48E5-AFB5-23F35F332122}.Debug|x64.Build.0 = Debug|Any CPU
		{FF737767-7167-48E5-AFB5-23F35F332122}.Debug|x86.ActiveCfg = Debug|Any CPU
		{FF737767-7167-48E5-AFB5-23F35F332122}.Debug|x86.Build.0 = Debug|Any CPU
		{FF737767-7167-48E5-AFB5-23F35F332122}.Release|Any CPU.ActiveCfg = Release|Any CPU
		{FF737767-7167-48E5-AFB5-23F35F332122}.Release|Any CPU.Build.0 = Release|Any CPU
		{FF737767-7167-48E5-AFB5-23F35F332122}.Release|x64.ActiveCfg = Release|Any CPU
		{FF737767-7167-48E5-AFB5-23F35F332122}.Release|x64.Build.0 = Release|Any CPU
		{FF737767-7167-48E5-AFB5-23F35F332122}.Release|x86.ActiveCfg = Release|Any CPU
		{FF737767-7167-48E5-AFB5-23F35F332122}.Release|x86.Build.0 = Release|Any CPU
		{ADDAB903-C312-4F85-9BA9-5C851B058F27}.Debug|Any CPU.ActiveCfg = Debug|Any CPU
		{ADDAB903-C312-4F85-9BA9-5C851B058F27}.Debug|Any CPU.Build.0 = Debug|Any CPU
		{ADDAB903-C312-4F85-9BA9-5C851B058F27}.Debug|x64.ActiveCfg = Debug|Any CPU
		{ADDAB903-C312-4F85-9BA9-5C851B058F27}.Debug|x64.Build.0 = Debug|Any CPU
		{ADDAB903-C312-4F85-9BA9-5C851B058F27}.Debug|x86.ActiveCfg = Debug|Any CPU
		{ADDAB903-C312-4F85-9BA9-5C851B058F27}.Debug|x86.Build.0 = Debug|Any CPU
		{ADDAB903-C312-4F85-9BA9-5C851B058F27}.Release|Any CPU.ActiveCfg = Release|Any CPU
		{ADDAB903-C312-4F85-9BA9-5C851B058F27}.Release|Any CPU.Build.0 = Release|Any CPU
		{ADDAB903-C312-4F85-9BA9-5C851B058F27}.Release|x64.ActiveCfg = Release|Any CPU
		{ADDAB903-C312-4F85-9BA9-5C851B058F27}.Release|x64.Build.0 = Release|Any CPU
		{ADDAB903-C312-4F85-9BA9-5C851B058F27}.Release|x86.ActiveCfg = Release|Any CPU
		{ADDAB903-C312-4F85-9BA9-5C851B058F27}.Release|x86.Build.0 = Release|Any CPU
	EndGlobalSection
	GlobalSection(SolutionProperties) = preSolution
		HideSolutionNode = FALSE
	EndGlobalSection
	GlobalSection(NestedProjects) = preSolution
		{7DD62023-BB2A-403D-A31D-9760B6408010} = {D4176A17-D7E5-9C19-FD5F-8803B1692ECF}
		{09B19189-D0CB-4C50-AF35-7C1A733BF7EC} = {131C5CCE-C85E-81CF-EB9F-372398CDB723}
		{FF737767-7167-48E5-AFB5-23F35F332122} = {EC9A9E50-F609-29D8-E2CC-8326F1A55E73}
		{ADDAB903-C312-4F85-9BA9-5C851B058F27} = {EC9A9E50-F609-29D8-E2CC-8326F1A55E73}
	EndGlobalSection
EndGlobal
